Microsoft Visual Studio Solution File, Format Version 11.00
# Visual Studio 2010
Project("{81D721AF-C9D6-4D6E-89B0-2A67B06169C0}") = "inq-lang", ".dub/inq-lang.visualdproj", "{D5B470E8-A033-434F-9FA7-3E366B2DE0D0}"
	ProjectSection(ProjectDependencies) = postProject
		{D924664C-64F3-4319-940E-D2C06807BE01} = {D924664C-64F3-4319-940E-D2C06807BE01}
		{FC4E5C3F-5B8F-4C88-ACE8-66D60C724578} = {FC4E5C3F-5B8F-4C88-ACE8-66D60C724578}
		{9FEF09A2-D23F-4A82-B462-5B35F229EA44} = {9FEF09A2-D23F-4A82-B462-5B35F229EA44}
		{FB7073B0-5FC3-4CE8-8209-9736BBC33052} = {FB7073B0-5FC3-4CE8-8209-9736BBC33052}
		{FABD5BD6-6401-4B14-B8DC-7B04822938F3} = {FABD5BD6-6401-4B14-B8DC-7B04822938F3}
		{BBCDF277-4FBC-488F-921B-FA6278F89523} = {BBCDF277-4FBC-488F-921B-FA6278F89523}
		{A519BAA1-1DAA-4AB6-A78A-84A74A6D0455} = {A519BAA1-1DAA-4AB6-A78A-84A74A6D0455}
		{C56B6D2B-58AA-4534-A6EA-9CF9B0CB855E} = {C56B6D2B-58AA-4534-A6EA-9CF9B0CB855E}
		{1FD678C0-B561-4EC3-8A8B-8E972D826DC8} = {1FD678C0-B561-4EC3-8A8B-8E972D826DC8}
		{FA9C0F02-43A3-48B4-83F6-FB1AFD56DF68} = {FA9C0F02-43A3-48B4-83F6-FB1AFD56DF68}
		{9E53F86B-7373-4C80-B0C6-35E399F87747} = {9E53F86B-7373-4C80-B0C6-35E399F87747}
		{9E53F86B-7373-4C80-B0C6-35E399F87747} = {9E53F86B-7373-4C80-B0C6-35E399F87747}
		{0144CA17-5DED-4929-95E2-80867AD9D1A6} = {0144CA17-5DED-4929-95E2-80867AD9D1A6}
		{8E65E971-122D-43FF-B739-077F8732CEC3} = {8E65E971-122D-43FF-B739-077F8732CEC3}
		{2BBDB3FE-A61A-4A52-971A-1A89DEE4351E} = {2BBDB3FE-A61A-4A52-971A-1A89DEE4351E}
		{A6195B0A-4318-4A2B-9933-02DB5AA070F6} = {A6195B0A-4318-4A2B-9933-02DB5AA070F6}
		{C84E09F9-046D-49D5-899D-0A80ADF954B3} = {C84E09F9-046D-49D5-899D-0A80ADF954B3}
		{C84E09F9-046D-49D5-899D-0A80ADF954B3} = {C84E09F9-046D-49D5-899D-0A80ADF954B3}
		{E82B25EA-B770-4604-A993-87495CFD464C} = {E82B25EA-B770-4604-A993-87495CFD464C}
	EndProjectSection
EndProject
Project("{81D721AF-C9D6-4D6E-89B0-2A67B06169C0}") = "vibe-d", ".dub/vibe-d.visualdproj", "{D924664C-64F3-4319-940E-D2C06807BE01}"
EndProject
Project("{81D721AF-C9D6-4D6E-89B0-2A67B06169C0}") = "vibe-d:core", ".dub/vibe-d_core.visualdproj", "{2BBDB3FE-A61A-4A52-971A-1A89DEE4351E}"
EndProject
Project("{81D721AF-C9D6-4D6E-89B0-2A67B06169C0}") = "vibe-d:data", ".dub/vibe-d_data.visualdproj", "{A6195B0A-4318-4A2B-9933-02DB5AA070F6}"
EndProject
Project("{81D721AF-C9D6-4D6E-89B0-2A67B06169C0}") = "vibe-d:utils", ".dub/vibe-d_utils.visualdproj", "{C84E09F9-046D-49D5-899D-0A80ADF954B3}"
EndProject
Project("{81D721AF-C9D6-4D6E-89B0-2A67B06169C0}") = "stdx-allocator", ".dub/stdx-allocator.visualdproj", "{E82B25EA-B770-4604-A993-87495CFD464C}"
EndProject
Project("{81D721AF-C9D6-4D6E-89B0-2A67B06169C0}") = "vibe-d:crypto", ".dub/vibe-d_crypto.visualdproj", "{C56B6D2B-58AA-4534-A6EA-9CF9B0CB855E}"
EndProject
Project("{81D721AF-C9D6-4D6E-89B0-2A67B06169C0}") = "mir-linux-kernel", ".dub/mir-linux-kernel.visualdproj", "{1FD678C0-B561-4EC3-8A8B-8E972D826DC8}"
EndProject
Project("{81D721AF-C9D6-4D6E-89B0-2A67B06169C0}") = "vibe-d:http", ".dub/vibe-d_http.visualdproj", "{BBCDF277-4FBC-488F-921B-FA6278F89523}"
EndProject
Project("{81D721AF-C9D6-4D6E-89B0-2A67B06169C0}") = "diet-ng", ".dub/diet-ng.visualdproj", "{A519BAA1-1DAA-4AB6-A78A-84A74A6D0455}"
EndProject
Project("{81D721AF-C9D6-4D6E-89B0-2A67B06169C0}") = "vibe-d:inet", ".dub/vibe-d_inet.visualdproj", "{FA9C0F02-43A3-48B4-83F6-FB1AFD56DF68}"
EndProject
Project("{81D721AF-C9D6-4D6E-89B0-2A67B06169C0}") = "vibe-d:stream", ".dub/vibe-d_stream.visualdproj", "{8E65E971-122D-43FF-B739-077F8732CEC3}"
EndProject
Project("{81D721AF-C9D6-4D6E-89B0-2A67B06169C0}") = "vibe-d:textfilter", ".dub/vibe-d_textfilter.visualdproj", "{9E53F86B-7373-4C80-B0C6-35E399F87747}"
EndProject
Project("{81D721AF-C9D6-4D6E-89B0-2A67B06169C0}") = "vibe-d:tls", ".dub/vibe-d_tls.visualdproj", "{0144CA17-5DED-4929-95E2-80867AD9D1A6}"
EndProject
Project("{81D721AF-C9D6-4D6E-89B0-2A67B06169C0}") = "vibe-d:mail", ".dub/vibe-d_mail.visualdproj", "{FC4E5C3F-5B8F-4C88-ACE8-66D60C724578}"
EndProject
Project("{81D721AF-C9D6-4D6E-89B0-2A67B06169C0}") = "vibe-d:mongodb", ".dub/vibe-d_mongodb.visualdproj", "{9FEF09A2-D23F-4A82-B462-5B35F229EA44}"
EndProject
Project("{81D721AF-C9D6-4D6E-89B0-2A67B06169C0}") = "vibe-d:redis", ".dub/vibe-d_redis.visualdproj", "{FB7073B0-5FC3-4CE8-8209-9736BBC33052}"
EndProject
Project("{81D721AF-C9D6-4D6E-89B0-2A67B06169C0}") = "vibe-d:web", ".dub/vibe-d_web.visualdproj", "{FABD5BD6-6401-4B14-B8DC-7B04822938F3}"
EndProject
Global
	GlobalSection(SolutionConfigurationPlatforms) = preSolution
		debug|Win32 = debug|Win32
	EndGlobalSection
	GlobalSection(ProjectConfigurationPlatforms) = postSolution
		{D5B470E8-A033-434F-9FA7-3E366B2DE0D0}.debug|Win32.ActiveCfg = debug|Win32
		{D5B470E8-A033-434F-9FA7-3E366B2DE0D0}.debug|Win32.Build.0 = debug|Win32
		{8E65E971-122D-43FF-B739-077F8732CEC3}.debug|Win32.ActiveCfg = debug|Win32
		{8E65E971-122D-43FF-B739-077F8732CEC3}.debug|Win32.Build.0 = debug|Win32
		{FABD5BD6-6401-4B14-B8DC-7B04822938F3}.debug|Win32.ActiveCfg = debug|Win32
		{FABD5BD6-6401-4B14-B8DC-7B04822938F3}.debug|Win32.Build.0 = debug|Win32
		{D924664C-64F3-4319-940E-D2C06807BE01}.debug|Win32.ActiveCfg = debug|Win32
		{D924664C-64F3-4319-940E-D2C06807BE01}.debug|Win32.Build.0 = debug|Win32
		{9E53F86B-7373-4C80-B0C6-35E399F87747}.debug|Win32.ActiveCfg = debug|Win32
		{9E53F86B-7373-4C80-B0C6-35E399F87747}.debug|Win32.Build.0 = debug|Win32
		{C56B6D2B-58AA-4534-A6EA-9CF9B0CB855E}.debug|Win32.ActiveCfg = debug|Win32
		{C56B6D2B-58AA-4534-A6EA-9CF9B0CB855E}.debug|Win32.Build.0 = debug|Win32
		{FB7073B0-5FC3-4CE8-8209-9736BBC33052}.debug|Win32.ActiveCfg = debug|Win32
		{FB7073B0-5FC3-4CE8-8209-9736BBC33052}.debug|Win32.Build.0 = debug|Win32
		{0144CA17-5DED-4929-95E2-80867AD9D1A6}.debug|Win32.ActiveCfg = debug|Win32
		{0144CA17-5DED-4929-95E2-80867AD9D1A6}.debug|Win32.Build.0 = debug|Win32
		{E82B25EA-B770-4604-A993-87495CFD464C}.debug|Win32.ActiveCfg = debug|Win32
		{E82B25EA-B770-4604-A993-87495CFD464C}.debug|Win32.Build.0 = debug|Win32
		{9FEF09A2-D23F-4A82-B462-5B35F229EA44}.debug|Win32.ActiveCfg = debug|Win32
		{9FEF09A2-D23F-4A82-B462-5B35F229EA44}.debug|Win32.Build.0 = debug|Win32
		{FC4E5C3F-5B8F-4C88-ACE8-66D60C724578}.debug|Win32.ActiveCfg = debug|Win32
		{FC4E5C3F-5B8F-4C88-ACE8-66D60C724578}.debug|Win32.Build.0 = debug|Win32
		{A6195B0A-4318-4A2B-9933-02DB5AA070F6}.debug|Win32.ActiveCfg = debug|Win32
		{A6195B0A-4318-4A2B-9933-02DB5AA070F6}.debug|Win32.Build.0 = debug|Win32
		{A519BAA1-1DAA-4AB6-A78A-84A74A6D0455}.debug|Win32.ActiveCfg = debug|Win32
		{A519BAA1-1DAA-4AB6-A78A-84A74A6D0455}.debug|Win32.Build.0 = debug|Win32
		{BBCDF277-4FBC-488F-921B-FA6278F89523}.debug|Win32.ActiveCfg = debug|Win32
		{BBCDF277-4FBC-488F-921B-FA6278F89523}.debug|Win32.Build.0 = debug|Win32
		{FA9C0F02-43A3-48B4-83F6-FB1AFD56DF68}.debug|Win32.ActiveCfg = debug|Win32
		{FA9C0F02-43A3-48B4-83F6-FB1AFD56DF68}.debug|Win32.Build.0 = debug|Win32
		{C84E09F9-046D-49D5-899D-0A80ADF954B3}.debug|Win32.ActiveCfg = debug|Win32
		{C84E09F9-046D-49D5-899D-0A80ADF954B3}.debug|Win32.Build.0 = debug|Win32
		{2BBDB3FE-A61A-4A52-971A-1A89DEE4351E}.debug|Win32.ActiveCfg = debug|Win32
		{2BBDB3FE-A61A-4A52-971A-1A89DEE4351E}.debug|Win32.Build.0 = debug|Win32
		{1FD678C0-B561-4EC3-8A8B-8E972D826DC8}.debug|Win32.ActiveCfg = debug|Win32
		{1FD678C0-B561-4EC3-8A8B-8E972D826DC8}.debug|Win32.Build.0 = debug|Win32
	EndGlobalSection
	GlobalSection(SolutionProperties) = preSolution
		HideSolutionNode = FALSE
	EndGlobalSection
EndGlobal
